{
  "name": "OCD-Web-Client",
  "requires": true,
  "lockfileVersion": 1,
  "dependencies": {
    "3d-force-graph": {
      "version": "1.70.5",
      "resolved": "https://registry.npmjs.org/3d-force-graph/-/3d-force-graph-1.70.5.tgz",
      "integrity": "sha512-YEtMvuLwzD3xZhhAdR6HKFFWZfK2t6wQI9/R2xMQ5yCoqYOb1UdSNIfVFAjN5aG3f4W97FyK8H1fADE3Omxrvw==",
      "requires": {
        "accessor-fn": "1",
        "kapsule": "^1.13",
        "three": ">=0.118 <1",
        "three-forcegraph": "^1.39",
        "three-render-objects": "^1.26"
      }
    },
    "@babel/runtime": {
      "version": "7.16.7",
      "resolved": "https://registry.npmjs.org/@babel/runtime/-/runtime-7.16.7.tgz",
      "integrity": "sha512-9E9FJowqAsytyOY6LG+1KuueckRL+aQW+mKvXRXnuFGyRAyepJPmEo9vgMfXUA6O9u3IeEdv9MAkppFcaQwogQ==",
      "requires": {
        "regenerator-runtime": "^0.13.4"
      }
    },
    "@tweenjs/tween.js": {
      "version": "18.6.4",
      "resolved": "https://registry.npmjs.org/@tweenjs/tween.js/-/tween.js-18.6.4.tgz",
      "integrity": "sha512-lB9lMjuqjtuJrx7/kOkqQBtllspPIN+96OvTCeJ2j5FEzinoAXTdAMFnDAQT1KVPRlnYfBrqxtqP66vDM40xxQ=="
    },
    "@types/node": {
      "version": "17.0.12",
      "resolved": "https://registry.npmjs.org/@types/node/-/node-17.0.12.tgz",
      "integrity": "sha512-4YpbAsnJXWYK/fpTVFlMIcUIho2AYCi4wg5aNPrG1ng7fn/1/RZfCIpRCiBX+12RVa34RluilnvCqD+g3KiSiA=="
    },
    "accessor-fn": {
      "version": "1.3.1",
      "resolved": "https://registry.npmjs.org/accessor-fn/-/accessor-fn-1.3.1.tgz",
      "integrity": "sha512-OjmTIiR8VfVV02EC/kSYpBnu6D+CmjNIFhTgU/CQk9xTkl36fc2TaU+ffezgz0fokeqNWnNBq3BtCpZMPfn0UQ=="
    },
    "arangojs": {
      "version": "6.14.1",
      "resolved": "https://registry.npmjs.org/arangojs/-/arangojs-6.14.1.tgz",
      "integrity": "sha512-TJfqwLCo4RyXH5j3i491xKc6qBUsOhd3aIwrTMTuhMkzT6pGRYLvemrmM+XG5HlwYS33M0Ppdj3V6YBsk0HYYg==",
      "requires": {
        "@types/node": "*",
        "es6-error": "^4.0.1",
        "multi-part": "^2.0.0",
        "x3-linkedlist": "1.0.0",
        "xhr": "^2.4.1"
      }
    },
    "bezier-js": {
      "version": "4.1.1",
      "resolved": "https://registry.npmjs.org/bezier-js/-/bezier-js-4.1.1.tgz",
      "integrity": "sha512-oVOS6SSFFFlfnZdzC+lsfvhs/RRcbxJ47U04M4s5QIBaJmr3YWmTIL3qmrOK9uW+nUUcl9Jccmo/xpTrG+bBoQ=="
    },
    "bootstrap": {
      "version": "4.6.1",
      "resolved": "https://registry.npmjs.org/bootstrap/-/bootstrap-4.6.1.tgz",
      "integrity": "sha512-0dj+VgI9Ecom+rvvpNZ4MUZJz8dcX7WCX+eTID9+/8HgOkv3dsRzi8BGeZJCQU6flWQVYxwTQnEZFrmJSEO7og=="
    },
    "bootstrap-select": {
      "version": "1.13.18",
      "resolved": "https://registry.npmjs.org/bootstrap-select/-/bootstrap-select-1.13.18.tgz",
      "integrity": "sha512-V1IzK4rxBq5FrJtkzSH6RmFLFBsjx50byFbfAf8jYyXROWs7ZpprGjdHeoyq2HSsHyjJhMMwjsQhRoYAfxCGow=="
    },
    "canvas-color-tracker": {
      "version": "1.1.4",
      "resolved": "https://registry.npmjs.org/canvas-color-tracker/-/canvas-color-tracker-1.1.4.tgz",
      "integrity": "sha512-Ppqr1xlcSAOGBRdKruGCyZ6oi1V19iDWrzQ6qh5ZZ4BccaUcOTGnuuCOWCDU/tWtNl57V0ZGaPt71GoL7aghoQ==",
      "requires": {
        "tinycolor2": "^1.4.2"
      }
    },
    "chart.js": {
      "version": "2.9.4",
      "resolved": "https://registry.npmjs.org/chart.js/-/chart.js-2.9.4.tgz",
      "integrity": "sha512-B07aAzxcrikjAPyV+01j7BmOpxtQETxTSlQ26BEYJ+3iUkbNKaOJ/nDbT6JjyqYxseM0ON12COHYdU2cTIjC7A==",
      "requires": {
        "chartjs-color": "^2.1.0",
        "moment": "^2.10.2"
      }
    },
    "chartjs-color": {
      "version": "2.4.1",
      "resolved": "https://registry.npmjs.org/chartjs-color/-/chartjs-color-2.4.1.tgz",
      "integrity": "sha512-haqOg1+Yebys/Ts/9bLo/BqUcONQOdr/hoEr2LLTRl6C5LXctUdHxsCYfvQVg5JIxITrfCNUDr4ntqmQk9+/0w==",
      "requires": {
        "chartjs-color-string": "^0.6.0",
        "color-convert": "^1.9.3"
      }
    },
    "chartjs-color-string": {
      "version": "0.6.0",
      "resolved": "https://registry.npmjs.org/chartjs-color-string/-/chartjs-color-string-0.6.0.tgz",
      "integrity": "sha512-TIB5OKn1hPJvO7JcteW4WY/63v6KwEdt6udfnDE9iCAZgy+V4SrbSxoIbTw/xkUIapjEI4ExGtD0+6D3KyFd7A==",
      "requires": {
        "color-name": "^1.0.0"
      }
    },
    "color-convert": {
      "version": "1.9.3",
      "resolved": "https://registry.npmjs.org/color-convert/-/color-convert-1.9.3.tgz",
      "integrity": "sha512-QfAUtd+vFdAtFQcC8CCyYt1fYWxSqAiK2cSD6zDB8N3cpsEBAvRxp9zOGg6G/SHHJYAT88/az/IuDGALsNVbGg==",
      "requires": {
        "color-name": "1.1.3"
      },
      "dependencies": {
        "color-name": {
          "version": "1.1.3",
          "resolved": "https://registry.npmjs.org/color-name/-/color-name-1.1.3.tgz",
          "integrity": "sha1-p9BVi9icQveV3UIyj3QIMcpTvCU="
        }
      }
    },
    "color-name": {
      "version": "1.1.4",
      "resolved": "https://registry.npmjs.org/color-name/-/color-name-1.1.4.tgz",
      "integrity": "sha512-dOy+3AuW3a2wNbZHIuMZpTcgjGuLU/uBL/ubcZF9OXbDo8ff4O8yVp5Bf0efS8uEoYo5q4Fx7dY9OgQGXgAsQA=="
    },
    "d3-array": {
      "version": "3.1.1",
      "resolved": "https://registry.npmjs.org/d3-array/-/d3-array-3.1.1.tgz",
      "integrity": "sha512-33qQ+ZoZlli19IFiQx4QEpf2CBEayMRzhlisJHSCsSUbDXv6ZishqS1x7uFVClKG4Wr7rZVHvaAttoLow6GqdQ==",
      "requires": {
        "internmap": "1 - 2"
      }
    },
    "d3-binarytree": {
      "version": "0.2.0",
      "resolved": "https://registry.npmjs.org/d3-binarytree/-/d3-binarytree-0.2.0.tgz",
      "integrity": "sha512-Z4khfbrBgtbv0M2QSQBaIajxiT6hwkxGt0AoDnTXCWDyyH+Okqy2UU3sXzV01zL5lC75dFAMJ0ftxSKTCr28VA=="
    },
    "d3-color": {
      "version": "3.0.1",
      "resolved": "https://registry.npmjs.org/d3-color/-/d3-color-3.0.1.tgz",
      "integrity": "sha512-6/SlHkDOBLyQSJ1j1Ghs82OIUXpKWlR0hCsw0XrLSQhuUPuCSmLQ1QPH98vpnQxMUQM2/gfAkUEWsupVpd9JGw=="
    },
    "d3-dispatch": {
      "version": "3.0.1",
      "resolved": "https://registry.npmjs.org/d3-dispatch/-/d3-dispatch-3.0.1.tgz",
      "integrity": "sha512-rzUyPU/S7rwUflMyLc1ETDeBj0NRuHKKAcvukozwhshr6g6c5d8zh4c2gQjY2bZ0dXeGLWc1PF174P2tVvKhfg=="
    },
    "d3-drag": {
      "version": "3.0.0",
      "resolved": "https://registry.npmjs.org/d3-drag/-/d3-drag-3.0.0.tgz",
      "integrity": "sha512-pWbUJLdETVA8lQNJecMxoXfH6x+mO2UQo8rSmZ+QqxcbyA3hfeprFgIT//HW2nlHChWeIIMwS2Fq+gEARkhTkg==",
      "requires": {
        "d3-dispatch": "1 - 3",
        "d3-selection": "3"
      }
    },
    "d3-ease": {
      "version": "3.0.1",
      "resolved": "https://registry.npmjs.org/d3-ease/-/d3-ease-3.0.1.tgz",
      "integrity": "sha512-wR/XK3D3XcLIZwpbvQwQ5fK+8Ykds1ip7A2Txe0yxncXSdq1L9skcG7blcedkOX+ZcgxGAmLX1FrRGbADwzi0w=="
    },
    "d3-force-3d": {
      "version": "3.0.2",
      "resolved": "https://registry.npmjs.org/d3-force-3d/-/d3-force-3d-3.0.2.tgz",
      "integrity": "sha512-0JxQaqDutCUq9Q2kf+oEucxyZIRXahI7m5gwdY6ezfi2eNIHhublV7Az++erNLTc+meVe2nL5JlXCrRqXz9aLg==",
      "requires": {
        "d3-binarytree": "^0.2.0",
        "d3-dispatch": "1 - 3",
        "d3-octree": "^0.2.0",
        "d3-quadtree": "1 - 3",
        "d3-timer": "1 - 3"
      }
    },
    "d3-format": {
      "version": "3.1.0",
      "resolved": "https://registry.npmjs.org/d3-format/-/d3-format-3.1.0.tgz",
      "integrity": "sha512-YyUI6AEuY/Wpt8KWLgZHsIU86atmikuoOmCfommt0LYHiQSPjvX2AcFc38PX0CBpr2RCyZhjex+NS/LPOv6YqA=="
    },
    "d3-interpolate": {
      "version": "3.0.1",
      "resolved": "https://registry.npmjs.org/d3-interpolate/-/d3-interpolate-3.0.1.tgz",
      "integrity": "sha512-3bYs1rOD33uo8aqJfKP3JWPAibgw8Zm2+L9vBKEHJ2Rg+viTR7o5Mmv5mZcieN+FRYaAOWX5SJATX6k1PWz72g==",
      "requires": {
        "d3-color": "1 - 3"
      }
    },
    "d3-octree": {
      "version": "0.2.0",
      "resolved": "https://registry.npmjs.org/d3-octree/-/d3-octree-0.2.0.tgz",
      "integrity": "sha512-yPoIxKr4xvZNyKK2bkJybafrNKtBVERbGTUVBovyWxWDQaWnJfWO4ai1jnyBrCeMzpVm/OTAJw2V+EJ9HCuLbQ=="
    },
    "d3-quadtree": {
      "version": "3.0.1",
      "resolved": "https://registry.npmjs.org/d3-quadtree/-/d3-quadtree-3.0.1.tgz",
      "integrity": "sha512-04xDrxQTDTCFwP5H6hRhsRcb9xxv2RzkcsygFzmkSIOJy3PeRJP7sNk3VRIbKXcog561P9oU0/rVH6vDROAgUw=="
    },
    "d3-scale": {
      "version": "4.0.2",
      "resolved": "https://registry.npmjs.org/d3-scale/-/d3-scale-4.0.2.tgz",
      "integrity": "sha512-GZW464g1SH7ag3Y7hXjf8RoUuAFIqklOAq3MRl4OaWabTFJY9PN/E1YklhXLh+OQ3fM9yS2nOkCoS+WLZ6kvxQ==",
      "requires": {
        "d3-array": "2.10.0 - 3",
        "d3-format": "1 - 3",
        "d3-interpolate": "1.2.0 - 3",
        "d3-time": "2.1.1 - 3",
        "d3-time-format": "2 - 4"
      }
    },
    "d3-scale-chromatic": {
      "version": "3.0.0",
      "resolved": "https://registry.npmjs.org/d3-scale-chromatic/-/d3-scale-chromatic-3.0.0.tgz",
      "integrity": "sha512-Lx9thtxAKrO2Pq6OO2Ua474opeziKr279P/TKZsMAhYyNDD3EnCffdbgeSYN5O7m2ByQsxtuP2CSDczNUIZ22g==",
      "requires": {
        "d3-color": "1 - 3",
        "d3-interpolate": "1 - 3"
      }
    },
    "d3-selection": {
      "version": "3.0.0",
      "resolved": "https://registry.npmjs.org/d3-selection/-/d3-selection-3.0.0.tgz",
      "integrity": "sha512-fmTRWbNMmsmWq6xJV8D19U/gw/bwrHfNXxrIN+HfZgnzqTHp9jOmKMhsTUjXOJnZOdZY9Q28y4yebKzqDKlxlQ=="
    },
    "d3-time": {
      "version": "3.0.0",
      "resolved": "https://registry.npmjs.org/d3-time/-/d3-time-3.0.0.tgz",
      "integrity": "sha512-zmV3lRnlaLI08y9IMRXSDshQb5Nj77smnfpnd2LrBa/2K281Jijactokeak14QacHs/kKq0AQ121nidNYlarbQ==",
      "requires": {
        "d3-array": "2 - 3"
      }
    },
    "d3-time-format": {
      "version": "4.1.0",
      "resolved": "https://registry.npmjs.org/d3-time-format/-/d3-time-format-4.1.0.tgz",
      "integrity": "sha512-dJxPBlzC7NugB2PDLwo9Q8JiTR3M3e4/XANkreKSUxF8vvXKqm1Yfq4Q5dl8budlunRVlUUaDUgFt7eA8D6NLg==",
      "requires": {
        "d3-time": "1 - 3"
      }
    },
    "d3-timer": {
      "version": "3.0.1",
      "resolved": "https://registry.npmjs.org/d3-timer/-/d3-timer-3.0.1.tgz",
      "integrity": "sha512-ndfJ/JxxMd3nw31uyKoY2naivF+r29V+Lc0svZxe1JvvIRmi8hUsrMvdOwgS1o6uBHmiz91geQ0ylPP0aj1VUA=="
    },
    "d3-transition": {
      "version": "3.0.1",
      "resolved": "https://registry.npmjs.org/d3-transition/-/d3-transition-3.0.1.tgz",
      "integrity": "sha512-ApKvfjsSR6tg06xrL434C0WydLr7JewBB3V+/39RMHsaXTOG0zmt/OAXeng5M5LBm0ojmxJrpomQVZ1aPvBL4w==",
      "requires": {
        "d3-color": "1 - 3",
        "d3-dispatch": "1 - 3",
        "d3-ease": "1 - 3",
        "d3-interpolate": "1 - 3",
        "d3-timer": "1 - 3"
      }
    },
    "d3-zoom": {
      "version": "3.0.0",
      "resolved": "https://registry.npmjs.org/d3-zoom/-/d3-zoom-3.0.0.tgz",
      "integrity": "sha512-b8AmV3kfQaqWAuacbPuNbL6vahnOJflOhexLzMMNLga62+/nh0JzvJ0aO/5a5MVgUFGS7Hu1P9P03o3fJkDCyw==",
      "requires": {
        "d3-dispatch": "1 - 3",
        "d3-drag": "2 - 3",
        "d3-interpolate": "1 - 3",
        "d3-selection": "2 - 3",
        "d3-transition": "2 - 3"
      }
    },
    "data-joint": {
      "version": "1.2.4",
      "resolved": "https://registry.npmjs.org/data-joint/-/data-joint-1.2.4.tgz",
      "integrity": "sha512-CEHgReWct+ofD1rpIhLy2IBOWkS4J5KbgCulvrRQVMlgs7dFbvhPwJt+J0upA9e7w/x+MepG6MLANm+uo0nudQ==",
      "requires": {
        "index-array-by": "^1.3.1"
      }
    },
    "debounce": {
      "version": "1.2.1",
      "resolved": "https://registry.npmjs.org/debounce/-/debounce-1.2.1.tgz",
      "integrity": "sha512-XRRe6Glud4rd/ZGQfiV1ruXSfbvfJedlV9Y6zOlP+2K04vBYiJEte6stfFkCP03aMnY5tsipamumUjL14fofug=="
    },
    "dom-walk": {
      "version": "0.1.2",
      "resolved": "https://registry.npmjs.org/dom-walk/-/dom-walk-0.1.2.tgz",
      "integrity": "sha512-6QvTW9mrGeIegrFXdtQi9pk7O/nSK6lSdXW2eqUspN5LWD7UTji2Fqw5V2YLjBpHEoU9Xl/eUWNpDeZvoyOv2w=="
    },
    "es6-error": {
      "version": "4.1.1",
      "resolved": "https://registry.npmjs.org/es6-error/-/es6-error-4.1.1.tgz",
      "integrity": "sha512-Um/+FxMr9CISWh0bi5Zv0iOD+4cFh5qLeks1qhAopKVAJw3drgKbKySikp7wGhDL0HPeaja0P5ULZrxLkniUVg=="
    },
    "file-saver": {
      "version": "2.0.5",
      "resolved": "https://registry.npmjs.org/file-saver/-/file-saver-2.0.5.tgz",
      "integrity": "sha512-P9bmyZ3h/PRG+Nzga+rbdI4OEpNDzAVyy74uVO9ATgzLK6VtAsYybF/+TOCvrc0MO793d6+42lLyZTw7/ArVzA=="
    },
    "file-type": {
      "version": "4.4.0",
      "resolved": "https://registry.npmjs.org/file-type/-/file-type-4.4.0.tgz",
      "integrity": "sha1-G2AOX8ofvcboDApwxxyNul95BsU="
    },
    "force-graph": {
      "version": "1.42.4",
      "resolved": "https://registry.npmjs.org/force-graph/-/force-graph-1.42.4.tgz",
      "integrity": "sha512-IIfgOjrK83BTb77vGmYf0xF/Pr6Bp5Xdtra6Ggk3uvhlTXVWcC+Gj2nR0dMj8N06lXmH/I53bMN1Vp5WQ8iv3A==",
      "requires": {
        "@tweenjs/tween.js": "18",
        "accessor-fn": "1",
        "bezier-js": "3 - 4",
        "canvas-color-tracker": "1",
        "d3-array": "1 - 3",
        "d3-drag": "2 - 3",
        "d3-force-3d": "2 - 3",
        "d3-scale": "1 - 4",
        "d3-scale-chromatic": "1 - 3",
        "d3-selection": "2 - 3",
        "d3-zoom": "2 - 3",
        "index-array-by": "1",
        "kapsule": "^1.13",
        "lodash.throttle": "4"
      }
    },
    "global": {
      "version": "4.4.0",
      "resolved": "https://registry.npmjs.org/global/-/global-4.4.0.tgz",
      "integrity": "sha512-wv/LAoHdRE3BeTGz53FAamhGlPLhlssK45usmGFThIi4XqnBmjKQ16u+RNbP7WvigRZDxUsM0J3gcQ5yicaL0w==",
      "requires": {
        "min-document": "^2.19.0",
        "process": "^0.11.10"
      }
    },
    "index-array-by": {
      "version": "1.3.1",
      "resolved": "https://registry.npmjs.org/index-array-by/-/index-array-by-1.3.1.tgz",
      "integrity": "sha512-e3RmATJZXJWZg9obaLdgPZcz42mzCrr4RuxB/6YaVds7tkUjPRw3Zaebs5YXo4WPyCA0Y9ZKcGYHRqGbGhoU8Q=="
    },
    "internmap": {
      "version": "2.0.3",
      "resolved": "https://registry.npmjs.org/internmap/-/internmap-2.0.3.tgz",
      "integrity": "sha512-5Hh7Y1wQbvY5ooGgPbDaL5iYLAPzMTUrjMulskHLH6wnv/A+1q5rgEaiuqEjB+oxGXIVZs1FF+R/KPN3ZSQYYg=="
    },
    "is-function": {
      "version": "1.0.2",
      "resolved": "https://registry.npmjs.org/is-function/-/is-function-1.0.2.tgz",
      "integrity": "sha512-lw7DUp0aWXYg+CBCN+JKkcE0Q2RayZnSvnZBlwgxHBQhqt5pZNVy4Ri7H9GmmXkdu7LUthszM+Tor1u/2iBcpQ=="
    },
    "jquery": {
      "version": "3.6.0",
      "resolved": "https://registry.npmjs.org/jquery/-/jquery-3.6.0.tgz",
      "integrity": "sha512-JVzAR/AjBvVt2BmYhxRCSYysDsPcssdmTFnzyLEts9qNwmjmu4JTAMYubEfwVOSwpQ1I1sKKFcxhZCI2buerfw=="
    },
    "jquery.mousewheel": {
      "version": "3.1.9",
      "resolved": "https://registry.npmjs.org/jquery.mousewheel/-/jquery.mousewheel-3.1.9.tgz",
      "integrity": "sha1-seFi8d+Kr2wk+/kj09bFjFLZVT4="
    },
    "jquery.panzoom": {
      "version": "3.2.3",
      "resolved": "https://registry.npmjs.org/jquery.panzoom/-/jquery.panzoom-3.2.3.tgz",
      "integrity": "sha512-TQ8tykmjJj//+8M3CIQ9RhCUukVy/UOsfwS/ecP6lRqEHA+qBXflfGoxLrabP1DZO15l9flV7GHsmLesjupT2A=="
    },
    "js-base64": {
      "version": "3.7.2",
      "resolved": "https://registry.npmjs.org/js-base64/-/js-base64-3.7.2.tgz",
      "integrity": "sha512-NnRs6dsyqUXejqk/yv2aiXlAvOs56sLkX6nUdeaNezI5LFFLlsZjOThmwnrcwh5ZZRwZlCMnVAY3CvhIhoVEKQ=="
    },
    "jsrsasign": {
      "version": "10.5.1",
      "resolved": "https://registry.npmjs.org/jsrsasign/-/jsrsasign-10.5.1.tgz",
      "integrity": "sha512-yW0fq87KNZFw4Pn5ySllXs3ztZAROQZczEheKZTqmiNpCe/Xj9r5NhuAQ7MXTOyEZGJ/+MPHGTsfbgPFaLpwHQ=="
    },
    "kapsule": {
      "version": "1.13.6",
      "resolved": "https://registry.npmjs.org/kapsule/-/kapsule-1.13.6.tgz",
      "integrity": "sha512-aUeT2f/b1tU+fzIEeQMNMkgtWsfI31yvrNCsnDGLScX4mMxTq36THrN8+wpf/si/RtrbRrNdNivwB2OdMN4rCg==",
      "requires": {
        "debounce": "^1.2.1"
      }
    },
    "lodash.throttle": {
      "version": "4.1.1",
      "resolved": "https://registry.npmjs.org/lodash.throttle/-/lodash.throttle-4.1.1.tgz",
      "integrity": "sha1-wj6RtxAkKscMN/HhzaknTMOb8vQ="
    },
    "mime-db": {
      "version": "1.51.0",
      "resolved": "https://registry.npmjs.org/mime-db/-/mime-db-1.51.0.tgz",
      "integrity": "sha512-5y8A56jg7XVQx2mbv1lu49NR4dokRnhZYTtL+KGfaa27uq4pSTXkwQkFJl4pkRMyNFz/EtYDSkiiEHx3F7UN6g=="
    },
    "mime-kind": {
      "version": "2.0.2",
      "resolved": "https://registry.npmjs.org/mime-kind/-/mime-kind-2.0.2.tgz",
      "integrity": "sha1-WkPVvr3rCCGCIk2dJjIGMp5Xzfg=",
      "requires": {
        "file-type": "^4.3.0",
        "mime-types": "^2.1.15"
      }
    },
    "mime-types": {
      "version": "2.1.34",
      "resolved": "https://registry.npmjs.org/mime-types/-/mime-types-2.1.34.tgz",
      "integrity": "sha512-6cP692WwGIs9XXdOO4++N+7qjqv0rqxxVvJ3VHPh/Sc9mVZcQP+ZGhkKiTvWMQRr2tbHkJP/Yn7Y0npb3ZBs4A==",
      "requires": {
        "mime-db": "1.51.0"
      }
    },
    "min-document": {
      "version": "2.19.0",
      "resolved": "https://registry.npmjs.org/min-document/-/min-document-2.19.0.tgz",
      "integrity": "sha1-e9KC4/WELtKVu3SM3Z8f+iyCRoU=",
      "requires": {
        "dom-walk": "^0.1.0"
      }
    },
    "moment": {
      "version": "2.29.1",
      "resolved": "https://registry.npmjs.org/moment/-/moment-2.29.1.tgz",
      "integrity": "sha512-kHmoybcPV8Sqy59DwNDY3Jefr64lK/by/da0ViFcuA4DH0vQg5Q6Ze5VimxkfQNSC+Mls/Kx53s7TjP1RhFEDQ=="
    },
    "multi-part": {
      "version": "2.0.0",
      "resolved": "https://registry.npmjs.org/multi-part/-/multi-part-2.0.0.tgz",
      "integrity": "sha1-Z09TtDL4UM+MwC0w0h8gZOMJVjw=",
      "requires": {
        "mime-kind": "^2.0.1"
      }
    },
    "ngraph.events": {
      "version": "1.2.1",
      "resolved": "https://registry.npmjs.org/ngraph.events/-/ngraph.events-1.2.1.tgz",
      "integrity": "sha512-D4C+nXH/RFxioGXQdHu8ELDtC6EaCiNsZtih0IvyGN81OZSUby4jXoJ5+RNWasfsd0FnKxxpAROyUMzw64QNsw=="
    },
    "ngraph.forcelayout": {
      "version": "3.3.0",
      "resolved": "https://registry.npmjs.org/ngraph.forcelayout/-/ngraph.forcelayout-3.3.0.tgz",
      "integrity": "sha512-EWqG8oSEueByuisyFl/c77M0+ts8g+dpNseafXFO71f0PvvZgzQ1zac1yO9CJVK6e94kbkvztgjDX3oQZ/4lVA==",
      "requires": {
        "ngraph.events": "^1.0.0",
        "ngraph.merge": "^1.0.0",
        "ngraph.random": "^1.0.0"
      }
    },
    "ngraph.graph": {
      "version": "19.1.0",
      "resolved": "https://registry.npmjs.org/ngraph.graph/-/ngraph.graph-19.1.0.tgz",
      "integrity": "sha512-9cws84qfPkrYa7BaBtT+KgZfLXrd6pNL9Gl5Do+MBO/0Hm6rOM7qK78MZaO1uEoIK6p2pgUs6lu29zn/6tP59w==",
      "requires": {
        "ngraph.events": "^1.2.1"
      }
    },
    "ngraph.merge": {
      "version": "1.0.0",
      "resolved": "https://registry.npmjs.org/ngraph.merge/-/ngraph.merge-1.0.0.tgz",
      "integrity": "sha512-5J8YjGITUJeapsomtTALYsw7rFveYkM+lBj3QiYZ79EymQcuri65Nw3knQtFxQBU1r5iOaVRXrSwMENUPK62Vg=="
    },
    "ngraph.random": {
      "version": "1.1.0",
      "resolved": "https://registry.npmjs.org/ngraph.random/-/ngraph.random-1.1.0.tgz",
      "integrity": "sha512-h25UdUN/g8U7y29TzQtRm/GvGr70lK37yQPvPKXXuVfs7gCm82WipYFZcksQfeKumtOemAzBIcT7lzzyK/edLw=="
    },
    "parse-headers": {
      "version": "2.0.4",
      "resolved": "https://registry.npmjs.org/parse-headers/-/parse-headers-2.0.4.tgz",
      "integrity": "sha512-psZ9iZoCNFLrgRjZ1d8mn0h9WRqJwFxM9q3x7iUjN/YT2OksthDJ5TiPCu2F38kS4zutqfW+YdVVkBZZx3/1aw=="
    },
    "polished": {
      "version": "4.1.4",
      "resolved": "https://registry.npmjs.org/polished/-/polished-4.1.4.tgz",
      "integrity": "sha512-Nq5Mbza+Auo7N3sQb1QMFaQiDO+4UexWuSGR7Cjb4Sw11SZIJcrrFtiZ+L0jT9MBsUsxDboHVASbCLbE1rnECg==",
      "requires": {
        "@babel/runtime": "^7.16.7"
      }
    },
    "process": {
      "version": "0.11.10",
      "resolved": "https://registry.npmjs.org/process/-/process-0.11.10.tgz",
      "integrity": "sha1-czIwDoQBYb2j5podHZGn1LwW8YI="
    },
    "regenerator-runtime": {
      "version": "0.13.9",
      "resolved": "https://registry.npmjs.org/regenerator-runtime/-/regenerator-runtime-0.13.9.tgz",
      "integrity": "sha512-p3VT+cOEgxFsRRA9X4lkI1E+k2/CtnKtU4gcxyaCUreilL/vqI6CdZ3wxVUx3UOUg+gnUOQQcRI7BmSI656MYA=="
    },
    "tablesorter": {
      "version": "2.31.3",
      "resolved": "https://registry.npmjs.org/tablesorter/-/tablesorter-2.31.3.tgz",
      "integrity": "sha512-ueEzeKiMajDcCWnUoT1dOeNEaS1OmPh9+8J0O2Sjp3TTijMygH74EA9QNJiNkLJqULyNU0RhbKY26UMUq9iurA==",
      "requires": {
        "jquery": ">=1.2.6"
      }
    },
    "three": {
      "version": "0.125.2",
      "resolved": "https://registry.npmjs.org/three/-/three-0.125.2.tgz",
      "integrity": "sha512-7rIRO23jVKWcAPFdW/HREU2NZMGWPBZ4XwEMt0Ak0jwLUKVJhcKM55eCBWyGZq/KiQbeo1IeuAoo/9l2dzhTXA=="
    },
    "three-forcegraph": {
      "version": "1.39.1",
      "resolved": "https://registry.npmjs.org/three-forcegraph/-/three-forcegraph-1.39.1.tgz",
      "integrity": "sha512-IRmp4nAkmuJ84igSRazz05wwgckyjHbrMHBmZlhPw3HbpZMv0V8WtQ5aRE4vuqBdJX2wNexR/RZJu9khg1OhXQ==",
      "requires": {
        "accessor-fn": "1",
        "d3-array": "1 - 3",
        "d3-force-3d": "2 - 3",
        "d3-scale": "1 - 4",
        "d3-scale-chromatic": "1 - 3",
        "data-joint": "^1.2",
        "kapsule": "^1.13",
        "ngraph.forcelayout": "^3.1",
        "ngraph.graph": "^19.1",
        "tinycolor2": "^1.4"
      }
    },
    "three-render-objects": {
      "version": "1.26.4",
      "resolved": "https://registry.npmjs.org/three-render-objects/-/three-render-objects-1.26.4.tgz",
      "integrity": "sha512-ndzGCJaGUZ8bj2ysfBGMu2IeRqAfR9NcrjLlGuf93XTy8nm95jJ+lz4QZmxPGVnky4xI+3LlhUceEn7zcJ2TWQ==",
      "requires": {
        "@tweenjs/tween.js": "18",
        "accessor-fn": "1",
        "kapsule": "^1.13",
        "polished": "4"
      }
    },
    "three-spritetext": {
      "version": "1.6.3",
      "resolved": "https://registry.npmjs.org/three-spritetext/-/three-spritetext-1.6.3.tgz",
      "integrity": "sha512-AE9AzUvY3xpQryTy+H5ylYkaWs+ZgsPqbF7yGXPEjthX5n/coIxobSVZAcPCTyl77DnM0Ub/YH7gLI54Eyg+dQ=="
    },
    "tinycolor2": {
      "version": "1.4.2",
      "resolved": "https://registry.npmjs.org/tinycolor2/-/tinycolor2-1.4.2.tgz",
      "integrity": "sha512-vJhccZPs965sV/L2sU4oRQVAos0pQXwsvTLkWYdqJ+a8Q5kPFzJTuOFwy7UniPli44NKQGAglksjvOcpo95aZA=="
    },
    "uuid": {
      "version": "8.3.2",
      "resolved": "https://registry.npmjs.org/uuid/-/uuid-8.3.2.tgz",
      "integrity": "sha512-+NYs2QeMWy+GWFOEm9xnn6HCDp0l7QBD7ml8zLUmJ+93Q5NF0NocErnwkTkXVFNiX3/fpC6afS8Dhb/gz7R7eg=="
    },
    "x3-linkedlist": {
      "version": "1.0.0",
      "resolved": "https://registry.npmjs.org/x3-linkedlist/-/x3-linkedlist-1.0.0.tgz",
      "integrity": "sha512-8CwA4XCMtso4G6qJWCzqbWQ9YJjtRiD4rUHFJ77rlAXQUN38Ni9E84y4F9qt4ijxZhfpJVm9tRs8E2vdLC4ZqQ=="
    },
    "xhr": {
      "version": "2.6.0",
      "resolved": "https://registry.npmjs.org/xhr/-/xhr-2.6.0.tgz",
      "integrity": "sha512-/eCGLb5rxjx5e3mF1A7s+pLlR6CGyqWN91fv1JgER5mVWg1MZmlhBvy9kjcsOdRk8RrIujotWyJamfyrp+WIcA==",
      "requires": {
        "global": "~4.4.0",
        "is-function": "^1.0.1",
        "parse-headers": "^2.0.0",
        "xtend": "^4.0.0"
      }
    },
    "xtend": {
      "version": "4.0.2",
      "resolved": "https://registry.npmjs.org/xtend/-/xtend-4.0.2.tgz",
      "integrity": "sha512-LKYU1iAXJXUgAXn9URjiu+MWhyUXHsvfp7mcuYm9dSUKK0/CjtrUwFAxD82/mCWbtLsGjFIad0wIsod4zrTAEQ=="
    }
  }
}
